
Microsoft Visual Studio Solution File, Format Version 12.00
# Visual Studio 15
Project("{FAE04EC0-301F-11D3-BF4B-00C04F79EFBC}") = "Assembly-CSharp", "Assembly-CSharp.csproj", "{7BF0F01B-F8AF-786F-6164-0C9D2257713F}"
EndProject
Project("{FAE04EC0-301F-11D3-BF4B-00C04F79EFBC}") = "MToon", "MToon.csproj", "{45E5DEBD-049C-AFEA-6CE7-B299C7ECE38F}"
EndProject
Project("{FAE04EC0-301F-11D3-BF4B-00C04F79EFBC}") = "Assembly-CSharp-firstpass", "Assembly-CSharp-firstpass.csproj", "{C04E1447-DA77-6A3D-1581-24F2645CEB6A}"
EndProject
Project("{FAE04EC0-301F-11D3-BF4B-00C04F79EFBC}") = "MToon.Editor", "MToon.Editor.csproj", "{30D65546-9017-2ECE-0BB5-34CFEF7226E5}"
EndProject
Global
	GlobalSection(SolutionConfigurationPlatforms) = preSolution
		Debug|Any CPU = Debug|Any CPU
		Release|Any CPU = Release|Any CPU
	EndGlobalSection
	GlobalSection(ProjectConfigurationPlatforms) = postSolution
		{7BF0F01B-F8AF-786F-6164-0C9D2257713F}.Debug|Any CPU.ActiveCfg = Debug|Any CPU
		{7BF0F01B-F8AF-786F-6164-0C9D2257713F}.Debug|Any CPU.Build.0 = Debug|Any CPU
		{7BF0F01B-F8AF-786F-6164-0C9D2257713F}.Release|Any CPU.ActiveCfg = Release|Any CPU
		{7BF0F01B-F8AF-786F-6164-0C9D2257713F}.Release|Any CPU.Build.0 = Release|Any CPU
		{45E5DEBD-049C-AFEA-6CE7-B299C7ECE38F}.Debug|Any CPU.ActiveCfg = Debug|Any CPU
		{45E5DEBD-049C-AFEA-6CE7-B299C7ECE38F}.Debug|Any CPU.Build.0 = Debug|Any CPU
		{45E5DEBD-049C-AFEA-6CE7-B299C7ECE38F}.Release|Any CPU.ActiveCfg = Release|Any CPU
		{45E5DEBD-049C-AFEA-6CE7-B299C7ECE38F}.Release|Any CPU.Build.0 = Release|Any CPU
		{C04E1447-DA77-6A3D-1581-24F2645CEB6A}.Debug|Any CPU.ActiveCfg = Debug|Any CPU
		{C04E1447-DA77-6A3D-1581-24F2645CEB6A}.Debug|Any CPU.Build.0 = Debug|Any CPU
		{C04E1447-DA77-6A3D-1581-24F2645CEB6A}.Release|Any CPU.ActiveCfg = Release|Any CPU
		{C04E1447-DA77-6A3D-1581-24F2645CEB6A}.Release|Any CPU.Build.0 = Release|Any CPU
		{30D65546-9017-2ECE-0BB5-34CFEF7226E5}.Debug|Any CPU.ActiveCfg = Debug|Any CPU
		{30D65546-9017-2ECE-0BB5-34CFEF7226E5}.Debug|Any CPU.Build.0 = Debug|Any CPU
		{30D65546-9017-2ECE-0BB5-34CFEF7226E5}.Release|Any CPU.ActiveCfg = Release|Any CPU
		{30D65546-9017-2ECE-0BB5-34CFEF7226E5}.Release|Any CPU.Build.0 = Release|Any CPU
	EndGlobalSection
	GlobalSection(SolutionProperties) = preSolution
		HideSolutionNode = FALSE
	EndGlobalSection
EndGlobal
